
Microsoft Visual Studio Solution File, Format Version 12.00
# Visual Studio Version 17
VisualStudioVersion = 17.5.002.0
MinimumVisualStudioVersion = 10.0.40219.1
Project("{9A19103F-16F7-4668-BE54-9A1E7A4F7556}") = "RazorZodiac", "RazorZodiac.csproj", "{F1A8A6AA-4932-46A6-8059-C8C3095E180A}"
EndProject
Global
	GlobalSection(SolutionConfigurationPlatforms) = preSolution
		Debug|Any CPU = Debug|Any CPU
		Release|Any CPU = Release|Any CPU
	EndGlobalSection
	GlobalSection(ProjectConfigurationPlatforms) = postSolution
		{F1A8A6AA-4932-46A6-8059-C8C3095E180A}.Debug|Any CPU.ActiveCfg = Debug|Any CPU
		{F1A8A6AA-4932-46A6-8059-C8C3095E180A}.Debug|Any CPU.Build.0 = Debug|Any CPU
		{F1A8A6AA-4932-46A6-8059-C8C3095E180A}.Release|Any CPU.ActiveCfg = Release|Any CPU
		{F1A8A6AA-4932-46A6-8059-C8C3095E180A}.Release|Any CPU.Build.0 = Release|Any CPU
	EndGlobalSection
	GlobalSection(SolutionProperties) = preSolution
		HideSolutionNode = FALSE
	EndGlobalSection
	GlobalSection(ExtensibilityGlobals) = postSolution
		SolutionGuid = {7A8FBCEA-12DB-422F-80BB-9772EE51856F}
	EndGlobalSection
EndGlobal
